{
  "name": "tiddlydnd-plugins",
  "version": "1.3.0",
  "lockfileVersion": 3,
  "requires": true,
  "packages": {
    "": {
      "name": "tiddlydnd-plugins",
      "version": "1.3.0",
      "devDependencies": {
        "tiddlywiki": "5.4.0",
        "tw5-graph": "git+https://github.com/flibbles/tw5-graph.git#v1.7.1",
        "tw5-relink": "git+https://github.com/flibbles/tw5-relink.git#v2.6.0",
        "tw5-vis-network": "git+https://github.com/flibbles/tw5-vis-network.git#v10.6.3"
      }
    },
    "node_modules/tiddlywiki": {
      "version": "5.4.0",
      "resolved": "https://registry.npmjs.org/tiddlywiki/-/tiddlywiki-5.4.0.tgz",
      "integrity": "sha512-KD7kskwijrj4tOBjHY0XldQiQ2bnNNEsCXcGaYdIUeTqEMoKVK436Gkscc+qUwQE7APRyQ6t1gvbOKOLly1MvA==",
      "dev": true,
      "license": "BSD",
      "bin": {
        "tiddlywiki": "tiddlywiki.js"
      },
      "engines": {
        "node": ">=20.0.0"
      }
    },
    "node_modules/tw5-graph": {
      "version": "1.7.1",
      "resolved": "git+ssh://git@github.com/flibbles/tw5-graph.git#9f2a0b59f02698d1c6925eb672dc15ebaa896f61",
      "dev": true,
      "license": "BSD-3-Clause",
      "dependencies": {
        "tiddlywiki": "^5.3.8"
      }
    },
    "node_modules/tw5-relink": {
      "version": "2.6.0",
      "resolved": "git+ssh://git@github.com/flibbles/tw5-relink.git#fa51ace16c7bf4e3447dcd21e62e069f4111eaf0",
      "dev": true,
      "license": "BSD-3-Clause",
      "dependencies": {
        "tiddlywiki": "^5.2.1"
      }
    },
    "node_modules/tw5-vis-network": {
      "version": "10.6.3",
      "resolved": "git+ssh://git@github.com/flibbles/tw5-vis-network.git#6270c1feb430eaeac5e1c30ce8ab0d04d05e16c2",
      "dev": true,
      "license": "BSD-3-Clause"
    }
  }
}
